
Microsoft Visual Studio Solution File, Format Version 12.00
# Visual Studio Version 17
VisualStudioVersion = 17.0.31903.59
MinimumVisualStudioVersion = 10.0.40219.1
Project("{FAE04EC0-301F-11D3-BF4B-00C04F79EFBC}") = "MaxSoftWebSite", "MaxSoftWebSite.csproj", "{05C74F8A-BE08-4888-89BC-BC8D509996FA}"
EndProject
Global
	GlobalSection(SolutionConfigurationPlatforms) = preSolution
		Debug|Any CPU = Debug|Any CPU
		Release|Any CPU = Release|Any CPU
	EndGlobalSection
	GlobalSection(ProjectConfigurationPlatforms) = postSolution
		{05C74F8A-BE08-4888-89BC-BC8D509996FA}.Debug|Any CPU.ActiveCfg = Debug|Any CPU
		{05C74F8A-BE08-4888-89BC-BC8D509996FA}.Debug|Any CPU.Build.0 = Debug|Any CPU
		{05C74F8A-BE08-4888-89BC-BC8D509996FA}.Release|Any CPU.ActiveCfg = Release|Any CPU
		{05C74F8A-BE08-4888-89BC-BC8D509996FA}.Release|Any CPU.Build.0 = Release|Any CPU
	EndGlobalSection
	GlobalSection(SolutionProperties) = preSolution
		HideSolutionNode = FALSE
	EndGlobalSection
	GlobalSection(ExtensibilityGlobals) = postSolution
		SolutionGuid = {56DC892D-1C61-48E2-9909-EA2B8BC19786}
	EndGlobalSection
EndGlobal
